
Microsoft Visual Studio Solution File, Format Version 12.00
# Visual Studio Version 17
VisualStudioVersion = 17.10.34916.146
MinimumVisualStudioVersion = 10.0.40219.1
Project("{FAE04EC0-301F-11D3-BF4B-00C04F79EFBC}") = "TallerProgramacionIV_SL", "TallerProgramacionIV_SL\TallerProgramacionIV_SL.csproj", "{BC91CDA6-A94A-4DF0-BD44-0B6D6F14AC76}"
EndProject
Global
	GlobalSection(SolutionConfigurationPlatforms) = preSolution
		Debug|Any CPU = Debug|Any CPU
		Release|Any CPU = Release|Any CPU
	EndGlobalSection
	GlobalSection(ProjectConfigurationPlatforms) = postSolution
		{BC91CDA6-A94A-4DF0-BD44-0B6D6F14AC76}.Debug|Any CPU.ActiveCfg = Debug|Any CPU
		{BC91CDA6-A94A-4DF0-BD44-0B6D6F14AC76}.Debug|Any CPU.Build.0 = Debug|Any CPU
		{BC91CDA6-A94A-4DF0-BD44-0B6D6F14AC76}.Release|Any CPU.ActiveCfg = Release|Any CPU
		{BC91CDA6-A94A-4DF0-BD44-0B6D6F14AC76}.Release|Any CPU.Build.0 = Release|Any CPU
	EndGlobalSection
	GlobalSection(SolutionProperties) = preSolution
		HideSolutionNode = FALSE
	EndGlobalSection
	GlobalSection(ExtensibilityGlobals) = postSolution
		SolutionGuid = {F619F53A-0105-480B-BAE7-ADF563B38F34}
	EndGlobalSection
EndGlobal
